// !$*UTF8*$!
{
	archiveVersion = 1;
	classes = {
	};
	objectVersion = 42;
	objects = {

/* Begin PBXBuildFile section */
		201B10E60F25D37400F77A06 /* auto-aklog.m in Sources */ = {isa = PBXBuildFile; fileRef = 201B10E50F25D37400F77A06 /* auto-aklog.m */; };
		201B10F20F25D3CD00F77A06 /* Kerberos.framework in Frameworks */ = {isa = PBXBuildFile; fileRef = 201B10F10F25D3CD00F77A06 /* Kerberos.framework */; };
		20B05ABE0F72E40900A91C3E /* Kerberos.framework in Frameworks */ = {isa = PBXBuildFile; fileRef = 201B10F10F25D3CD00F77A06 /* Kerberos.framework */; };
		20B05ABF0F72E41100A91C3E /* k4name_parse.c in Sources */ = {isa = PBXBuildFile; fileRef = 208361E70F32F8620032063B /* k4name_parse.c */; };
		20B05AC00F72E41100A91C3E /* afs_princ.c in Sources */ = {isa = PBXBuildFile; fileRef = 208361F80F3300B70032063B /* afs_princ.c */; };
		20B05B710F72EFD400A91C3E /* main.c in Sources */ = {isa = PBXBuildFile; fileRef = 20B05B700F72EFD400A91C3E /* main.c */; };
		8D5B49B0048680CD000E48DA /* InfoPlist.strings in Resources */ = {isa = PBXBuildFile; fileRef = 089C167DFE841241C02AAC07 /* InfoPlist.strings */; };
		8D5B49B4048680CD000E48DA /* Cocoa.framework in Frameworks */ = {isa = PBXBuildFile; fileRef = 1058C7ADFEA557BF11CA2CBB /* Cocoa.framework */; };
/* End PBXBuildFile section */

/* Begin PBXFileReference section */
		089C1672FE841209C02AAC07 /* Foundation.framework */ = {isa = PBXFileReference; lastKnownFileType = wrapper.framework; name = Foundation.framework; path = /System/Library/Frameworks/Foundation.framework; sourceTree = "<absolute>"; };
		089C167EFE841241C02AAC07 /* English */ = {isa = PBXFileReference; fileEncoding = 10; lastKnownFileType = text.plist.strings; name = English; path = English.lproj/InfoPlist.strings; sourceTree = "<group>"; };
		089C167FFE841241C02AAC07 /* AppKit.framework */ = {isa = PBXFileReference; lastKnownFileType = wrapper.framework; name = AppKit.framework; path = /System/Library/Frameworks/AppKit.framework; sourceTree = "<absolute>"; };
		1058C7ADFEA557BF11CA2CBB /* Cocoa.framework */ = {isa = PBXFileReference; lastKnownFileType = wrapper.framework; name = Cocoa.framework; path = /System/Library/Frameworks/Cocoa.framework; sourceTree = "<absolute>"; };
		201B10E50F25D37400F77A06 /* auto-aklog.m */ = {isa = PBXFileReference; fileEncoding = 4; lastKnownFileType = sourcecode.c.objc; path = "auto-aklog.m"; sourceTree = "<group>"; };
		201B10F10F25D3CD00F77A06 /* Kerberos.framework */ = {isa = PBXFileReference; lastKnownFileType = wrapper.framework; name = Kerberos.framework; path = /System/Library/Frameworks/Kerberos.framework; sourceTree = "<absolute>"; };
		208361E60F32F8620032063B /* k4name_parse.h */ = {isa = PBXFileReference; fileEncoding = 4; lastKnownFileType = sourcecode.c.h; path = k4name_parse.h; sourceTree = "<group>"; };
		208361E70F32F8620032063B /* k4name_parse.c */ = {isa = PBXFileReference; fileEncoding = 4; lastKnownFileType = sourcecode.c.c; path = k4name_parse.c; sourceTree = "<group>"; };
		208361F70F3300B70032063B /* afs_princ.h */ = {isa = PBXFileReference; fileEncoding = 4; lastKnownFileType = sourcecode.c.h; path = afs_princ.h; sourceTree = "<group>"; };
		208361F80F3300B70032063B /* afs_princ.c */ = {isa = PBXFileReference; fileEncoding = 4; lastKnownFileType = sourcecode.c.c; path = afs_princ.c; sourceTree = "<group>"; };
		20B05AA30F72E3AD00A91C3E /* maybe_aklog */ = {isa = PBXFileReference; explicitFileType = "compiled.mach-o.executable"; includeInIndex = 0; path = maybe_aklog; sourceTree = BUILT_PRODUCTS_DIR; };
		20B05B700F72EFD400A91C3E /* main.c */ = {isa = PBXFileReference; fileEncoding = 4; lastKnownFileType = sourcecode.c.c; path = main.c; sourceTree = "<group>"; };
		32DBCF630370AF2F00C91783 /* auto-aklog_Prefix.pch */ = {isa = PBXFileReference; fileEncoding = 4; lastKnownFileType = sourcecode.c.h; path = "auto-aklog_Prefix.pch"; sourceTree = "<group>"; };
		8D5B49B6048680CD000E48DA /* auto-aklog.loginLogout */ = {isa = PBXFileReference; explicitFileType = wrapper.cfbundle; includeInIndex = 0; path = "auto-aklog.loginLogout"; sourceTree = BUILT_PRODUCTS_DIR; };
		8D5B49B7048680CD000E48DA /* Info.plist */ = {isa = PBXFileReference; fileEncoding = 4; lastKnownFileType = text.plist.xml; path = Info.plist; sourceTree = "<group>"; };
		D2F7E65807B2D6F200F64583 /* CoreData.framework */ = {isa = PBXFileReference; lastKnownFileType = wrapper.framework; name = CoreData.framework; path = /System/Library/Frameworks/CoreData.framework; sourceTree = "<absolute>"; };
/* End PBXFileReference section */

/* Begin PBXFrameworksBuildPhase section */
		20B05AA10F72E3AD00A91C3E /* Frameworks */ = {
			isa = PBXFrameworksBuildPhase;
			buildActionMask = 2147483647;
			files = (
				20B05ABE0F72E40900A91C3E /* Kerberos.framework in Frameworks */,
			);
			runOnlyForDeploymentPostprocessing = 0;
		};
		8D5B49B3048680CD000E48DA /* Frameworks */ = {
			isa = PBXFrameworksBuildPhase;
			buildActionMask = 2147483647;
			files = (
				8D5B49B4048680CD000E48DA /* Cocoa.framework in Frameworks */,
				201B10F20F25D3CD00F77A06 /* Kerberos.framework in Frameworks */,
			);
			runOnlyForDeploymentPostprocessing = 0;
		};
/* End PBXFrameworksBuildPhase section */

/* Begin PBXGroup section */
		089C166AFE841209C02AAC07 /* auto-aklog */ = {
			isa = PBXGroup;
			children = (
				08FB77AFFE84173DC02AAC07 /* Classes */,
				32C88E010371C26100C91783 /* Other Sources */,
				089C167CFE841241C02AAC07 /* Resources */,
				089C1671FE841209C02AAC07 /* Frameworks and Libraries */,
				19C28FB8FE9D52D311CA2CBB /* Products */,
				201B10E50F25D37400F77A06 /* auto-aklog.m */,
				208361E60F32F8620032063B /* k4name_parse.h */,
				208361E70F32F8620032063B /* k4name_parse.c */,
				208361F70F3300B70032063B /* afs_princ.h */,
				208361F80F3300B70032063B /* afs_princ.c */,
				20B05B700F72EFD400A91C3E /* main.c */,
			);
			name = "auto-aklog";
			sourceTree = "<group>";
		};
		089C1671FE841209C02AAC07 /* Frameworks and Libraries */ = {
			isa = PBXGroup;
			children = (
				201B10F10F25D3CD00F77A06 /* Kerberos.framework */,
				1058C7ACFEA557BF11CA2CBB /* Linked Frameworks */,
				1058C7AEFEA557BF11CA2CBB /* Other Frameworks */,
			);
			name = "Frameworks and Libraries";
			sourceTree = "<group>";
		};
		089C167CFE841241C02AAC07 /* Resources */ = {
			isa = PBXGroup;
			children = (
				8D5B49B7048680CD000E48DA /* Info.plist */,
				089C167DFE841241C02AAC07 /* InfoPlist.strings */,
			);
			name = Resources;
			sourceTree = "<group>";
		};
		08FB77AFFE84173DC02AAC07 /* Classes */ = {
			isa = PBXGroup;
			children = (
			);
			name = Classes;
			sourceTree = "<group>";
		};
		1058C7ACFEA557BF11CA2CBB /* Linked Frameworks */ = {
			isa = PBXGroup;
			children = (
				1058C7ADFEA557BF11CA2CBB /* Cocoa.framework */,
			);
			name = "Linked Frameworks";
			sourceTree = "<group>";
		};
		1058C7AEFEA557BF11CA2CBB /* Other Frameworks */ = {
			isa = PBXGroup;
			children = (
				089C167FFE841241C02AAC07 /* AppKit.framework */,
				D2F7E65807B2D6F200F64583 /* CoreData.framework */,
				089C1672FE841209C02AAC07 /* Foundation.framework */,
			);
			name = "Other Frameworks";
			sourceTree = "<group>";
		};
		19C28FB8FE9D52D311CA2CBB /* Products */ = {
			isa = PBXGroup;
			children = (
				8D5B49B6048680CD000E48DA /* auto-aklog.loginLogout */,
				20B05AA30F72E3AD00A91C3E /* maybe_aklog */,
			);
			name = Products;
			sourceTree = "<group>";
		};
		32C88E010371C26100C91783 /* Other Sources */ = {
			isa = PBXGroup;
			children = (
				32DBCF630370AF2F00C91783 /* auto-aklog_Prefix.pch */,
			);
			name = "Other Sources";
			sourceTree = "<group>";
		};
/* End PBXGroup section */

/* Begin PBXNativeTarget section */
		20B05AA20F72E3AD00A91C3E /* maybe_aklog */ = {
			isa = PBXNativeTarget;
			buildConfigurationList = 20B05AA70F72E3CB00A91C3E /* Build configuration list for PBXNativeTarget "maybe_aklog" */;
			buildPhases = (
				20B05AA00F72E3AD00A91C3E /* Sources */,
				20B05AA10F72E3AD00A91C3E /* Frameworks */,
			);
			buildRules = (
			);
			dependencies = (
			);
			name = maybe_aklog;
			productName = afs_princ;
			productReference = 20B05AA30F72E3AD00A91C3E /* maybe_aklog */;
			productType = "com.apple.product-type.tool";
		};
		8D5B49AC048680CD000E48DA /* auto-aklog */ = {
			isa = PBXNativeTarget;
			buildConfigurationList = 1DEB913A08733D840010E9CD /* Build configuration list for PBXNativeTarget "auto-aklog" */;
			buildPhases = (
				8D5B49AF048680CD000E48DA /* Resources */,
				8D5B49B1048680CD000E48DA /* Sources */,
				8D5B49B3048680CD000E48DA /* Frameworks */,
			);
			buildRules = (
			);
			dependencies = (
			);
			name = "auto-aklog";
			productInstallPath = "$(HOME)/Library/Bundles";
			productName = "auto-aklog";
			productReference = 8D5B49B6048680CD000E48DA /* auto-aklog.loginLogout */;
			productType = "com.apple.product-type.bundle";
		};
/* End PBXNativeTarget section */

/* Begin PBXProject section */
		089C1669FE841209C02AAC07 /* Project object */ = {
			isa = PBXProject;
			buildConfigurationList = 1DEB913E08733D840010E9CD /* Build configuration list for PBXProject "auto-aklog" */;
			compatibilityVersion = "Xcode 2.4";
			hasScannedForEncodings = 1;
			mainGroup = 089C166AFE841209C02AAC07 /* auto-aklog */;
			projectDirPath = "";
			projectRoot = "";
			targets = (
				8D5B49AC048680CD000E48DA /* auto-aklog */,
				20B05AA20F72E3AD00A91C3E /* maybe_aklog */,
			);
		};
/* End PBXProject section */

/* Begin PBXResourcesBuildPhase section */
		8D5B49AF048680CD000E48DA /* Resources */ = {
			isa = PBXResourcesBuildPhase;
			buildActionMask = 2147483647;
			files = (
				8D5B49B0048680CD000E48DA /* InfoPlist.strings in Resources */,
			);
			runOnlyForDeploymentPostprocessing = 0;
		};
/* End PBXResourcesBuildPhase section */

/* Begin PBXSourcesBuildPhase section */
		20B05AA00F72E3AD00A91C3E /* Sources */ = {
			isa = PBXSourcesBuildPhase;
			buildActionMask = 2147483647;
			files = (
				20B05ABF0F72E41100A91C3E /* k4name_parse.c in Sources */,
				20B05AC00F72E41100A91C3E /* afs_princ.c in Sources */,
				20B05B710F72EFD400A91C3E /* main.c in Sources */,
			);
			runOnlyForDeploymentPostprocessing = 0;
		};
		8D5B49B1048680CD000E48DA /* Sources */ = {
			isa = PBXSourcesBuildPhase;
			buildActionMask = 2147483647;
			files = (
				201B10E60F25D37400F77A06 /* auto-aklog.m in Sources */,
			);
			runOnlyForDeploymentPostprocessing = 0;
		};
/* End PBXSourcesBuildPhase section */

/* Begin PBXVariantGroup section */
		089C167DFE841241C02AAC07 /* InfoPlist.strings */ = {
			isa = PBXVariantGroup;
			children = (
				089C167EFE841241C02AAC07 /* English */,
			);
			name = InfoPlist.strings;
			sourceTree = "<group>";
		};
/* End PBXVariantGroup section */

/* Begin XCBuildConfiguration section */
		1DEB913B08733D840010E9CD /* Debug */ = {
			isa = XCBuildConfiguration;
			buildSettings = {
				ALWAYS_SEARCH_USER_PATHS = NO;
				COPY_PHASE_STRIP = NO;
				GCC_DYNAMIC_NO_PIC = NO;
				GCC_ENABLE_FIX_AND_CONTINUE = YES;
				GCC_MODEL_TUNING = G5;
				GCC_OPTIMIZATION_LEVEL = 0;
				GCC_PRECOMPILE_PREFIX_HEADER = YES;
				GCC_PREFIX_HEADER = "auto-aklog_Prefix.pch";
				HEADER_SEARCH_PATHS = /Library/OpenAFS/Tools/include;
				INFOPLIST_FILE = Info.plist;
				INSTALL_PATH = "/Library/Kerberos Plug-Ins";
				PRODUCT_NAME = "auto-aklog";
				WRAPPER_EXTENSION = loginLogout;
			};
			name = Debug;
		};
		1DEB913C08733D840010E9CD /* Release */ = {
			isa = XCBuildConfiguration;
			buildSettings = {
				ALWAYS_SEARCH_USER_PATHS = NO;
				DEBUG_INFORMATION_FORMAT = "dwarf-with-dsym";
				GCC_MODEL_TUNING = G5;
				GCC_PRECOMPILE_PREFIX_HEADER = YES;
				GCC_PREFIX_HEADER = "auto-aklog_Prefix.pch";
				HEADER_SEARCH_PATHS = /Library/OpenAFS/Tools/include;
				INFOPLIST_FILE = Info.plist;
				INSTALL_PATH = "/Library/Kerberos Plug-Ins";
				PRODUCT_NAME = "auto-aklog";
				WRAPPER_EXTENSION = loginLogout;
			};
			name = Release;
		};
		1DEB913F08733D840010E9CD /* Debug */ = {
			isa = XCBuildConfiguration;
			buildSettings = {
				ARCHS = "$(NATIVE_ARCH)";
				GCC_C_LANGUAGE_STANDARD = c99;
				GCC_OPTIMIZATION_LEVEL = 0;
				GCC_PREPROCESSOR_DEFINITIONS = AFS_PTHREAD_ENV;
				GCC_WARN_ABOUT_RETURN_TYPE = YES;
				GCC_WARN_UNUSED_VARIABLE = YES;
				ONLY_ACTIVE_ARCH = YES;
				PREBINDING = NO;
			};
			name = Debug;
		};
		1DEB914008733D840010E9CD /* Release */ = {
			isa = XCBuildConfiguration;
			buildSettings = {
				ARCHS = "$(NATIVE_ARCH)";
				GCC_C_LANGUAGE_STANDARD = c99;
				GCC_PREPROCESSOR_DEFINITIONS = AFS_PTHREAD_ENV;
				GCC_WARN_ABOUT_RETURN_TYPE = YES;
				GCC_WARN_UNUSED_VARIABLE = YES;
				PREBINDING = NO;
			};
			name = Release;
		};
		20B05AA50F72E3AD00A91C3E /* Debug */ = {
			isa = XCBuildConfiguration;
			buildSettings = {
				ALWAYS_SEARCH_USER_PATHS = NO;
				COPY_PHASE_STRIP = NO;
				GCC_DYNAMIC_NO_PIC = NO;
				GCC_ENABLE_FIX_AND_CONTINUE = YES;
				GCC_MODEL_TUNING = G5;
				GCC_OPTIMIZATION_LEVEL = 0;
				HEADER_SEARCH_PATHS = /Library/OpenAFS/Tools/include;
				INSTALL_PATH = /usr/local/bin;
				LIBRARY_SEARCH_PATHS = (
					/Library/OpenAFS/Tools/lib/afs,
					/Library/OpenAFS/Tools/lib,
				);
				OTHER_LDFLAGS = (
					"-lafsauthent",
					"-lafsrpc",
					"-lafsutil",
					"-lresolv",
				);
				PREBINDING = NO;
				PRODUCT_NAME = maybe_aklog;
			};
			name = Debug;
		};
		20B05AA60F72E3AD00A91C3E /* Release */ = {
			isa = XCBuildConfiguration;
			buildSettings = {
				ALWAYS_SEARCH_USER_PATHS = NO;
				COPY_PHASE_STRIP = YES;
				DEBUG_INFORMATION_FORMAT = "dwarf-with-dsym";
				GCC_ENABLE_FIX_AND_CONTINUE = NO;
				GCC_MODEL_TUNING = G5;
				HEADER_SEARCH_PATHS = /Library/OpenAFS/Tools/include;
				INSTALL_PATH = /usr/local/bin;
				LIBRARY_SEARCH_PATHS = (
					/Library/OpenAFS/Tools/lib/afs,
					/Library/OpenAFS/Tools/lib,
				);
				OTHER_LDFLAGS = (
					"-lafsauthent",
					"-lafsrpc",
					"-lafsutil",
					"-lresolv",
				);
				PREBINDING = NO;
				PRODUCT_NAME = maybe_aklog;
				ZERO_LINK = NO;
			};
			name = Release;
		};
/* End XCBuildConfiguration section */

/* Begin XCConfigurationList section */
		1DEB913A08733D840010E9CD /* Build configuration list for PBXNativeTarget "auto-aklog" */ = {
			isa = XCConfigurationList;
			buildConfigurations = (
				1DEB913B08733D840010E9CD /* Debug */,
				1DEB913C08733D840010E9CD /* Release */,
			);
			defaultConfigurationIsVisible = 0;
			defaultConfigurationName = Release;
		};
		1DEB913E08733D840010E9CD /* Build configuration list for PBXProject "auto-aklog" */ = {
			isa = XCConfigurationList;
			buildConfigurations = (
				1DEB913F08733D840010E9CD /* Debug */,
				1DEB914008733D840010E9CD /* Release */,
			);
			defaultConfigurationIsVisible = 0;
			defaultConfigurationName = Release;
		};
		20B05AA70F72E3CB00A91C3E /* Build configuration list for PBXNativeTarget "maybe_aklog" */ = {
			isa = XCConfigurationList;
			buildConfigurations = (
				20B05AA50F72E3AD00A91C3E /* Debug */,
				20B05AA60F72E3AD00A91C3E /* Release */,
			);
			defaultConfigurationIsVisible = 0;
			defaultConfigurationName = Release;
		};
/* End XCConfigurationList section */
	};
	rootObject = 089C1669FE841209C02AAC07 /* Project object */;
}
